
Microsoft Visual Studio Solution File, Format Version 12.00
# Visual Studio 15
Project("{FAE04EC0-301F-11D3-BF4B-00C04F79EFBC}") = "RazorPagesMovie", "RazorPagesMovie\RazorPagesMovie.csproj", "{C6910C18-6ADF-467F-9E67-DF7EABD0F595}"
EndProject
Global
	GlobalSection(SolutionConfigurationPlatforms) = preSolution
		Debug|Any CPU = Debug|Any CPU
		Release|Any CPU = Release|Any CPU
	EndGlobalSection
	GlobalSection(ProjectConfigurationPlatforms) = postSolution
		{C6910C18-6ADF-467F-9E67-DF7EABD0F595}.Debug|Any CPU.ActiveCfg = Debug|Any CPU
		{C6910C18-6ADF-467F-9E67-DF7EABD0F595}.Debug|Any CPU.Build.0 = Debug|Any CPU
		{C6910C18-6ADF-467F-9E67-DF7EABD0F595}.Release|Any CPU.ActiveCfg = Release|Any CPU
		{C6910C18-6ADF-467F-9E67-DF7EABD0F595}.Release|Any CPU.Build.0 = Release|Any CPU
	EndGlobalSection
EndGlobal
